// !$*UTF8*$!
{
	archiveVersion = 1;
	classes = {
	};
	objectVersion = 50;
	objects = {

/* Begin PBXBuildFile section */
		30394A745C42A42B94D965E5 /* Pods_MusicAppUITests.framework in Frameworks */ = {isa = PBXBuildFile; fileRef = 010408CC60F72262110C376E /* Pods_MusicAppUITests.framework */; };
		56ED6BCE358F43D9F826A8D1 /* Pods_MusicAppTests.framework in Frameworks */ = {isa = PBXBuildFile; fileRef = B9FABEAF27E12D8A6A7CF19C /* Pods_MusicAppTests.framework */; };
		DD78C22920D9DF9400226C2F /* EncodeURIComponent.swift in Sources */ = {isa = PBXBuildFile; fileRef = DD78C22820D9DF9400226C2F /* EncodeURIComponent.swift */; };
		DD935D5320D546F90026EF95 /* AppDelegate.swift in Sources */ = {isa = PBXBuildFile; fileRef = DD935D5220D546F90026EF95 /* AppDelegate.swift */; };
		DD935D5820D546F90026EF95 /* Main.storyboard in Resources */ = {isa = PBXBuildFile; fileRef = DD935D5620D546F90026EF95 /* Main.storyboard */; };
		DD935D5A20D546FA0026EF95 /* Assets.xcassets in Resources */ = {isa = PBXBuildFile; fileRef = DD935D5920D546FA0026EF95 /* Assets.xcassets */; };
		DD935D5D20D546FA0026EF95 /* LaunchScreen.storyboard in Resources */ = {isa = PBXBuildFile; fileRef = DD935D5B20D546FA0026EF95 /* LaunchScreen.storyboard */; };
		DD935D6820D546FA0026EF95 /* MusicAppTests.swift in Sources */ = {isa = PBXBuildFile; fileRef = DD935D6720D546FA0026EF95 /* MusicAppTests.swift */; };
		DD935D7320D546FA0026EF95 /* MusicAppUITests.swift in Sources */ = {isa = PBXBuildFile; fileRef = DD935D7220D546FA0026EF95 /* MusicAppUITests.swift */; };
		DD935D8120D9DC380026EF95 /* SpotifySignInViewController.swift in Sources */ = {isa = PBXBuildFile; fileRef = DD935D8020D9DC380026EF95 /* SpotifySignInViewController.swift */; };
		DD935D8320D9DCB10026EF95 /* ApiService.swift in Sources */ = {isa = PBXBuildFile; fileRef = DD935D8220D9DCB10026EF95 /* ApiService.swift */; };
		DD935D8520D9DDC30026EF95 /* Constants.swift in Sources */ = {isa = PBXBuildFile; fileRef = DD935D8420D9DDC30026EF95 /* Constants.swift */; };
		DDEB49DF20E95161001C6E3E /* PlaylistTableViewController.swift in Sources */ = {isa = PBXBuildFile; fileRef = DDEB49DE20E95161001C6E3E /* PlaylistTableViewController.swift */; };
		DDEB49E120EA4EC2001C6E3E /* AlertExtension.swift in Sources */ = {isa = PBXBuildFile; fileRef = DDEB49E020EA4EC2001C6E3E /* AlertExtension.swift */; };
		DDEB49E320EB0B95001C6E3E /* TrackDetailViewController.swift in Sources */ = {isa = PBXBuildFile; fileRef = DDEB49E220EB0B95001C6E3E /* TrackDetailViewController.swift */; };
		DDEB49E520EC548E001C6E3E /* WebViewController.swift in Sources */ = {isa = PBXBuildFile; fileRef = DDEB49E420EC548E001C6E3E /* WebViewController.swift */; };
		DDEB49E720EC5AC1001C6E3E /* MediaPlayerViewController.swift in Sources */ = {isa = PBXBuildFile; fileRef = DDEB49E620EC5AC1001C6E3E /* MediaPlayerViewController.swift */; };
		DDEB49E920EC5BCA001C6E3E /* MediaPlayerContainerViewController.swift in Sources */ = {isa = PBXBuildFile; fileRef = DDEB49E820EC5BCA001C6E3E /* MediaPlayerContainerViewController.swift */; };
		DDEB49ED20EDBE39001C6E3E /* SpotifyMetadata.framework in Frameworks */ = {isa = PBXBuildFile; fileRef = DDEB49EA20EDBE39001C6E3E /* SpotifyMetadata.framework */; };
		DDEB49EE20EDBE39001C6E3E /* SpotifyAudioPlayback.framework in Frameworks */ = {isa = PBXBuildFile; fileRef = DDEB49EB20EDBE39001C6E3E /* SpotifyAudioPlayback.framework */; };
		DDEB49EF20EDBE39001C6E3E /* SpotifyAuthentication.framework in Frameworks */ = {isa = PBXBuildFile; fileRef = DDEB49EC20EDBE39001C6E3E /* SpotifyAuthentication.framework */; };
		DDF72DEE20F0D8E600195028 /* MediaPlayer.swift in Sources */ = {isa = PBXBuildFile; fileRef = DDF72DED20F0D8E600195028 /* MediaPlayer.swift */; };
		F904910BD5E263CE7915CC18 /* Pods_MusicApp.framework in Frameworks */ = {isa = PBXBuildFile; fileRef = F0992E260A1E3973A6220A6F /* Pods_MusicApp.framework */; };
/* End PBXBuildFile section */

/* Begin PBXContainerItemProxy section */
		DD935D6420D546FA0026EF95 /* PBXContainerItemProxy */ = {
			isa = PBXContainerItemProxy;
			containerPortal = DD935D4720D546F80026EF95 /* Project object */;
			proxyType = 1;
			remoteGlobalIDString = DD935D4E20D546F80026EF95;
			remoteInfo = MusicApp;
		};
		DD935D6F20D546FA0026EF95 /* PBXContainerItemProxy */ = {
			isa = PBXContainerItemProxy;
			containerPortal = DD935D4720D546F80026EF95 /* Project object */;
			proxyType = 1;
			remoteGlobalIDString = DD935D4E20D546F80026EF95;
			remoteInfo = MusicApp;
		};
/* End PBXContainerItemProxy section */

/* Begin PBXFileReference section */
		010408CC60F72262110C376E /* Pods_MusicAppUITests.framework */ = {isa = PBXFileReference; explicitFileType = wrapper.framework; includeInIndex = 0; path = Pods_MusicAppUITests.framework; sourceTree = BUILT_PRODUCTS_DIR; };
		0ABEAB994D84226D4F45B42A /* Pods-MusicAppUITests.dev.xcconfig */ = {isa = PBXFileReference; includeInIndex = 1; lastKnownFileType = text.xcconfig; name = "Pods-MusicAppUITests.dev.xcconfig"; path = "Pods/Target Support Files/Pods-MusicAppUITests/Pods-MusicAppUITests.dev.xcconfig"; sourceTree = "<group>"; };
		1C2D72168288F723825A800F /* Pods-MusicAppUITests.release.xcconfig */ = {isa = PBXFileReference; includeInIndex = 1; lastKnownFileType = text.xcconfig; name = "Pods-MusicAppUITests.release.xcconfig"; path = "Pods/Target Support Files/Pods-MusicAppUITests/Pods-MusicAppUITests.release.xcconfig"; sourceTree = "<group>"; };
		316844FA78645B63129DA02F /* Pods-MusicAppUITests.debug.xcconfig */ = {isa = PBXFileReference; includeInIndex = 1; lastKnownFileType = text.xcconfig; name = "Pods-MusicAppUITests.debug.xcconfig"; path = "Pods/Target Support Files/Pods-MusicAppUITests/Pods-MusicAppUITests.debug.xcconfig"; sourceTree = "<group>"; };
		3C2EE27B6DCA9F6A67AA8080 /* Pods-MusicAppTests.debug.xcconfig */ = {isa = PBXFileReference; includeInIndex = 1; lastKnownFileType = text.xcconfig; name = "Pods-MusicAppTests.debug.xcconfig"; path = "Pods/Target Support Files/Pods-MusicAppTests/Pods-MusicAppTests.debug.xcconfig"; sourceTree = "<group>"; };
		8EF2029EB67A369BB7CDF06C /* Pods-MusicAppTests.release.xcconfig */ = {isa = PBXFileReference; includeInIndex = 1; lastKnownFileType = text.xcconfig; name = "Pods-MusicAppTests.release.xcconfig"; path = "Pods/Target Support Files/Pods-MusicAppTests/Pods-MusicAppTests.release.xcconfig"; sourceTree = "<group>"; };
		9743A97D98A9DDA5A3CECBBE /* Pods-MusicApp.debug.xcconfig */ = {isa = PBXFileReference; includeInIndex = 1; lastKnownFileType = text.xcconfig; name = "Pods-MusicApp.debug.xcconfig"; path = "Pods/Target Support Files/Pods-MusicApp/Pods-MusicApp.debug.xcconfig"; sourceTree = "<group>"; };
		9FD096F52ED1570FF009ED72 /* Pods-MusicApp.dev.xcconfig */ = {isa = PBXFileReference; includeInIndex = 1; lastKnownFileType = text.xcconfig; name = "Pods-MusicApp.dev.xcconfig"; path = "Pods/Target Support Files/Pods-MusicApp/Pods-MusicApp.dev.xcconfig"; sourceTree = "<group>"; };
		A3597B5358B3F0A4C0F38D46 /* Pods-MusicApp.release.xcconfig */ = {isa = PBXFileReference; includeInIndex = 1; lastKnownFileType = text.xcconfig; name = "Pods-MusicApp.release.xcconfig"; path = "Pods/Target Support Files/Pods-MusicApp/Pods-MusicApp.release.xcconfig"; sourceTree = "<group>"; };
		B9FABEAF27E12D8A6A7CF19C /* Pods_MusicAppTests.framework */ = {isa = PBXFileReference; explicitFileType = wrapper.framework; includeInIndex = 0; path = Pods_MusicAppTests.framework; sourceTree = BUILT_PRODUCTS_DIR; };
		DD78C22820D9DF9400226C2F /* EncodeURIComponent.swift */ = {isa = PBXFileReference; lastKnownFileType = sourcecode.swift; path = EncodeURIComponent.swift; sourceTree = "<group>"; };
		DD935D4F20D546F80026EF95 /* MusicApp.app */ = {isa = PBXFileReference; explicitFileType = wrapper.application; includeInIndex = 0; path = MusicApp.app; sourceTree = BUILT_PRODUCTS_DIR; };
		DD935D5220D546F90026EF95 /* AppDelegate.swift */ = {isa = PBXFileReference; lastKnownFileType = sourcecode.swift; path = AppDelegate.swift; sourceTree = "<group>"; };
		DD935D5720D546F90026EF95 /* Base */ = {isa = PBXFileReference; lastKnownFileType = file.storyboard; name = Base; path = Base.lproj/Main.storyboard; sourceTree = "<group>"; };
		DD935D5920D546FA0026EF95 /* Assets.xcassets */ = {isa = PBXFileReference; lastKnownFileType = folder.assetcatalog; path = Assets.xcassets; sourceTree = "<group>"; };
		DD935D5C20D546FA0026EF95 /* Base */ = {isa = PBXFileReference; lastKnownFileType = file.storyboard; name = Base; path = Base.lproj/LaunchScreen.storyboard; sourceTree = "<group>"; };
		DD935D5E20D546FA0026EF95 /* Info.plist */ = {isa = PBXFileReference; lastKnownFileType = text.plist.xml; path = Info.plist; sourceTree = "<group>"; };
		DD935D6320D546FA0026EF95 /* MusicAppTests.xctest */ = {isa = PBXFileReference; explicitFileType = wrapper.cfbundle; includeInIndex = 0; path = MusicAppTests.xctest; sourceTree = BUILT_PRODUCTS_DIR; };
		DD935D6720D546FA0026EF95 /* MusicAppTests.swift */ = {isa = PBXFileReference; lastKnownFileType = sourcecode.swift; path = MusicAppTests.swift; sourceTree = "<group>"; };
		DD935D6920D546FA0026EF95 /* Info.plist */ = {isa = PBXFileReference; lastKnownFileType = text.plist.xml; path = Info.plist; sourceTree = "<group>"; };
		DD935D6E20D546FA0026EF95 /* MusicAppUITests.xctest */ = {isa = PBXFileReference; explicitFileType = wrapper.cfbundle; includeInIndex = 0; path = MusicAppUITests.xctest; sourceTree = BUILT_PRODUCTS_DIR; };
		DD935D7220D546FA0026EF95 /* MusicAppUITests.swift */ = {isa = PBXFileReference; lastKnownFileType = sourcecode.swift; path = MusicAppUITests.swift; sourceTree = "<group>"; };
		DD935D7420D546FA0026EF95 /* Info.plist */ = {isa = PBXFileReference; lastKnownFileType = text.plist.xml; path = Info.plist; sourceTree = "<group>"; };
		DD935D8020D9DC380026EF95 /* SpotifySignInViewController.swift */ = {isa = PBXFileReference; lastKnownFileType = sourcecode.swift; path = SpotifySignInViewController.swift; sourceTree = "<group>"; };
		DD935D8220D9DCB10026EF95 /* ApiService.swift */ = {isa = PBXFileReference; lastKnownFileType = sourcecode.swift; path = ApiService.swift; sourceTree = "<group>"; };
		DD935D8420D9DDC30026EF95 /* Constants.swift */ = {isa = PBXFileReference; lastKnownFileType = sourcecode.swift; path = Constants.swift; sourceTree = "<group>"; };
		DDEB49DE20E95161001C6E3E /* PlaylistTableViewController.swift */ = {isa = PBXFileReference; lastKnownFileType = sourcecode.swift; path = PlaylistTableViewController.swift; sourceTree = "<group>"; };
		DDEB49E020EA4EC2001C6E3E /* AlertExtension.swift */ = {isa = PBXFileReference; lastKnownFileType = sourcecode.swift; path = AlertExtension.swift; sourceTree = "<group>"; };
		DDEB49E220EB0B95001C6E3E /* TrackDetailViewController.swift */ = {isa = PBXFileReference; lastKnownFileType = sourcecode.swift; path = TrackDetailViewController.swift; sourceTree = "<group>"; };
		DDEB49E420EC548E001C6E3E /* WebViewController.swift */ = {isa = PBXFileReference; lastKnownFileType = sourcecode.swift; path = WebViewController.swift; sourceTree = "<group>"; };
		DDEB49E620EC5AC1001C6E3E /* MediaPlayerViewController.swift */ = {isa = PBXFileReference; lastKnownFileType = sourcecode.swift; path = MediaPlayerViewController.swift; sourceTree = "<group>"; };
		DDEB49E820EC5BCA001C6E3E /* MediaPlayerContainerViewController.swift */ = {isa = PBXFileReference; lastKnownFileType = sourcecode.swift; path = MediaPlayerContainerViewController.swift; sourceTree = "<group>"; };
		DDEB49EA20EDBE39001C6E3E /* SpotifyMetadata.framework */ = {isa = PBXFileReference; lastKnownFileType = wrapper.framework; path = SpotifyMetadata.framework; sourceTree = "<group>"; };
		DDEB49EB20EDBE39001C6E3E /* SpotifyAudioPlayback.framework */ = {isa = PBXFileReference; lastKnownFileType = wrapper.framework; path = SpotifyAudioPlayback.framework; sourceTree = "<group>"; };
		DDEB49EC20EDBE39001C6E3E /* SpotifyAuthentication.framework */ = {isa = PBXFileReference; lastKnownFileType = wrapper.framework; path = SpotifyAuthentication.framework; sourceTree = "<group>"; };
		DDEB49F020EDBE9F001C6E3E /* MusicApp-Bridging-Header.h */ = {isa = PBXFileReference; lastKnownFileType = sourcecode.c.h; path = "MusicApp-Bridging-Header.h"; sourceTree = "<group>"; };
		DDF72DED20F0D8E600195028 /* MediaPlayer.swift */ = {isa = PBXFileReference; lastKnownFileType = sourcecode.swift; path = MediaPlayer.swift; sourceTree = "<group>"; };
		E385589FC963AE46F1C3F9D2 /* Pods-MusicAppTests.dev.xcconfig */ = {isa = PBXFileReference; includeInIndex = 1; lastKnownFileType = text.xcconfig; name = "Pods-MusicAppTests.dev.xcconfig"; path = "Pods/Target Support Files/Pods-MusicAppTests/Pods-MusicAppTests.dev.xcconfig"; sourceTree = "<group>"; };
		F0992E260A1E3973A6220A6F /* Pods_MusicApp.framework */ = {isa = PBXFileReference; explicitFileType = wrapper.framework; includeInIndex = 0; path = Pods_MusicApp.framework; sourceTree = BUILT_PRODUCTS_DIR; };
/* End PBXFileReference section */

/* Begin PBXFrameworksBuildPhase section */
		DD935D4C20D546F80026EF95 /* Frameworks */ = {
			isa = PBXFrameworksBuildPhase;
			buildActionMask = 2147483647;
			files = (
				DDEB49ED20EDBE39001C6E3E /* SpotifyMetadata.framework in Frameworks */,
				DDEB49EF20EDBE39001C6E3E /* SpotifyAuthentication.framework in Frameworks */,
				F904910BD5E263CE7915CC18 /* Pods_MusicApp.framework in Frameworks */,
				DDEB49EE20EDBE39001C6E3E /* SpotifyAudioPlayback.framework in Frameworks */,
			);
			runOnlyForDeploymentPostprocessing = 0;
		};
		DD935D6020D546FA0026EF95 /* Frameworks */ = {
			isa = PBXFrameworksBuildPhase;
			buildActionMask = 2147483647;
			files = (
				56ED6BCE358F43D9F826A8D1 /* Pods_MusicAppTests.framework in Frameworks */,
			);
			runOnlyForDeploymentPostprocessing = 0;
		};
		DD935D6B20D546FA0026EF95 /* Frameworks */ = {
			isa = PBXFrameworksBuildPhase;
			buildActionMask = 2147483647;
			files = (
				30394A745C42A42B94D965E5 /* Pods_MusicAppUITests.framework in Frameworks */,
			);
			runOnlyForDeploymentPostprocessing = 0;
		};
/* End PBXFrameworksBuildPhase section */

/* Begin PBXGroup section */
		C7E7644322809871934B910F /* Pods */ = {
			isa = PBXGroup;
			children = (
				9743A97D98A9DDA5A3CECBBE /* Pods-MusicApp.debug.xcconfig */,
				A3597B5358B3F0A4C0F38D46 /* Pods-MusicApp.release.xcconfig */,
				3C2EE27B6DCA9F6A67AA8080 /* Pods-MusicAppTests.debug.xcconfig */,
				8EF2029EB67A369BB7CDF06C /* Pods-MusicAppTests.release.xcconfig */,
				316844FA78645B63129DA02F /* Pods-MusicAppUITests.debug.xcconfig */,
				1C2D72168288F723825A800F /* Pods-MusicAppUITests.release.xcconfig */,
				9FD096F52ED1570FF009ED72 /* Pods-MusicApp.dev.xcconfig */,
				E385589FC963AE46F1C3F9D2 /* Pods-MusicAppTests.dev.xcconfig */,
				0ABEAB994D84226D4F45B42A /* Pods-MusicAppUITests.dev.xcconfig */,
			);
			name = Pods;
			sourceTree = "<group>";
		};
		DD935D4620D546F80026EF95 = {
			isa = PBXGroup;
			children = (
				DD935D5120D546F80026EF95 /* MusicApp */,
				DD935D6620D546FA0026EF95 /* MusicAppTests */,
				DD935D7120D546FA0026EF95 /* MusicAppUITests */,
				DD935D5020D546F80026EF95 /* Products */,
				C7E7644322809871934B910F /* Pods */,
				EFD3EEA2E0933E2F94E2A933 /* Frameworks */,
			);
			sourceTree = "<group>";
		};
		DD935D5020D546F80026EF95 /* Products */ = {
			isa = PBXGroup;
			children = (
				DD935D4F20D546F80026EF95 /* MusicApp.app */,
				DD935D6320D546FA0026EF95 /* MusicAppTests.xctest */,
				DD935D6E20D546FA0026EF95 /* MusicAppUITests.xctest */,
			);
			name = Products;
			sourceTree = "<group>";
		};
		DD935D5120D546F80026EF95 /* MusicApp */ = {
			isa = PBXGroup;
			children = (
				DDF72DED20F0D8E600195028 /* MediaPlayer.swift */,
				DDEB49E820EC5BCA001C6E3E /* MediaPlayerContainerViewController.swift */,
				DDEB49E620EC5AC1001C6E3E /* MediaPlayerViewController.swift */,
				DDEB49E420EC548E001C6E3E /* WebViewController.swift */,
				DD935D5220D546F90026EF95 /* AppDelegate.swift */,
				DD935D5620D546F90026EF95 /* Main.storyboard */,
				DD935D8020D9DC380026EF95 /* SpotifySignInViewController.swift */,
				DDEB49DE20E95161001C6E3E /* PlaylistTableViewController.swift */,
				DDEB49E020EA4EC2001C6E3E /* AlertExtension.swift */,
				DDEB49E220EB0B95001C6E3E /* TrackDetailViewController.swift */,
				DD935D8220D9DCB10026EF95 /* ApiService.swift */,
				DD935D8420D9DDC30026EF95 /* Constants.swift */,
				DD78C22820D9DF9400226C2F /* EncodeURIComponent.swift */,
				DD935D5920D546FA0026EF95 /* Assets.xcassets */,
				DD935D5B20D546FA0026EF95 /* LaunchScreen.storyboard */,
				DD935D5E20D546FA0026EF95 /* Info.plist */,
				DDEB49EB20EDBE39001C6E3E /* SpotifyAudioPlayback.framework */,
				DDEB49EC20EDBE39001C6E3E /* SpotifyAuthentication.framework */,
				DDEB49EA20EDBE39001C6E3E /* SpotifyMetadata.framework */,
				DDEB49F020EDBE9F001C6E3E /* MusicApp-Bridging-Header.h */,
			);
			path = MusicApp;
			sourceTree = "<group>";
		};
		DD935D6620D546FA0026EF95 /* MusicAppTests */ = {
			isa = PBXGroup;
			children = (
				DD935D6720D546FA0026EF95 /* MusicAppTests.swift */,
				DD935D6920D546FA0026EF95 /* Info.plist */,
			);
			path = MusicAppTests;
			sourceTree = "<group>";
		};
		DD935D7120D546FA0026EF95 /* MusicAppUITests */ = {
			isa = PBXGroup;
			children = (
				DD935D7220D546FA0026EF95 /* MusicAppUITests.swift */,
				DD935D7420D546FA0026EF95 /* Info.plist */,
			);
			path = MusicAppUITests;
			sourceTree = "<group>";
		};
		EFD3EEA2E0933E2F94E2A933 /* Frameworks */ = {
			isa = PBXGroup;
			children = (
				F0992E260A1E3973A6220A6F /* Pods_MusicApp.framework */,
				B9FABEAF27E12D8A6A7CF19C /* Pods_MusicAppTests.framework */,
				010408CC60F72262110C376E /* Pods_MusicAppUITests.framework */,
			);
			name = Frameworks;
			sourceTree = "<group>";
		};
/* End PBXGroup section */

/* Begin PBXNativeTarget section */
		DD935D4E20D546F80026EF95 /* MusicApp */ = {
			isa = PBXNativeTarget;
			buildConfigurationList = DD935D7720D546FA0026EF95 /* Build configuration list for PBXNativeTarget "MusicApp" */;
			buildPhases = (
				E708EA70D245907253FBE84A /* [CP] Check Pods Manifest.lock */,
				DD935D4B20D546F80026EF95 /* Sources */,
				DD935D4C20D546F80026EF95 /* Frameworks */,
				DD935D4D20D546F80026EF95 /* Resources */,
				FD372ADF4796EA801CBE4494 /* [CP] Embed Pods Frameworks */,
			);
			buildRules = (
			);
			dependencies = (
			);
			name = MusicApp;
			productName = MusicApp;
			productReference = DD935D4F20D546F80026EF95 /* MusicApp.app */;
			productType = "com.apple.product-type.application";
		};
		DD935D6220D546FA0026EF95 /* MusicAppTests */ = {
			isa = PBXNativeTarget;
			buildConfigurationList = DD935D7A20D546FA0026EF95 /* Build configuration list for PBXNativeTarget "MusicAppTests" */;
			buildPhases = (
				07F4F2F21BFA55280EDE8736 /* [CP] Check Pods Manifest.lock */,
				DD935D5F20D546FA0026EF95 /* Sources */,
				DD935D6020D546FA0026EF95 /* Frameworks */,
				DD935D6120D546FA0026EF95 /* Resources */,
			);
			buildRules = (
			);
			dependencies = (
				DD935D6520D546FA0026EF95 /* PBXTargetDependency */,
			);
			name = MusicAppTests;
			productName = MusicAppTests;
			productReference = DD935D6320D546FA0026EF95 /* MusicAppTests.xctest */;
			productType = "com.apple.product-type.bundle.unit-test";
		};
		DD935D6D20D546FA0026EF95 /* MusicAppUITests */ = {
			isa = PBXNativeTarget;
			buildConfigurationList = DD935D7D20D546FA0026EF95 /* Build configuration list for PBXNativeTarget "MusicAppUITests" */;
			buildPhases = (
				B7F056C03DA1E278BC361C65 /* [CP] Check Pods Manifest.lock */,
				DD935D6A20D546FA0026EF95 /* Sources */,
				DD935D6B20D546FA0026EF95 /* Frameworks */,
				DD935D6C20D546FA0026EF95 /* Resources */,
			);
			buildRules = (
			);
			dependencies = (
				DD935D7020D546FA0026EF95 /* PBXTargetDependency */,
			);
			name = MusicAppUITests;
			productName = MusicAppUITests;
			productReference = DD935D6E20D546FA0026EF95 /* MusicAppUITests.xctest */;
			productType = "com.apple.product-type.bundle.ui-testing";
		};
/* End PBXNativeTarget section */

/* Begin PBXProject section */
		DD935D4720D546F80026EF95 /* Project object */ = {
			isa = PBXProject;
			attributes = {
				LastSwiftUpdateCheck = 0940;
				LastUpgradeCheck = 0940;
				ORGANIZATIONNAME = "Nick Arcuri";
				TargetAttributes = {
					DD935D4E20D546F80026EF95 = {
						CreatedOnToolsVersion = 9.4;
						LastSwiftMigration = 0940;
					};
					DD935D6220D546FA0026EF95 = {
						CreatedOnToolsVersion = 9.4;
						TestTargetID = DD935D4E20D546F80026EF95;
					};
					DD935D6D20D546FA0026EF95 = {
						CreatedOnToolsVersion = 9.4;
						TestTargetID = DD935D4E20D546F80026EF95;
					};
				};
			};
			buildConfigurationList = DD935D4A20D546F80026EF95 /* Build configuration list for PBXProject "MusicApp" */;
			compatibilityVersion = "Xcode 9.3";
			developmentRegion = en;
			hasScannedForEncodings = 0;
			knownRegions = (
				en,
				Base,
			);
			mainGroup = DD935D4620D546F80026EF95;
			productRefGroup = DD935D5020D546F80026EF95 /* Products */;
			projectDirPath = "";
			projectRoot = "";
			targets = (
				DD935D4E20D546F80026EF95 /* MusicApp */,
				DD935D6220D546FA0026EF95 /* MusicAppTests */,
				DD935D6D20D546FA0026EF95 /* MusicAppUITests */,
			);
		};
/* End PBXProject section */

/* Begin PBXResourcesBuildPhase section */
		DD935D4D20D546F80026EF95 /* Resources */ = {
			isa = PBXResourcesBuildPhase;
			buildActionMask = 2147483647;
			files = (
				DD935D5D20D546FA0026EF95 /* LaunchScreen.storyboard in Resources */,
				DD935D5A20D546FA0026EF95 /* Assets.xcassets in Resources */,
				DD935D5820D546F90026EF95 /* Main.storyboard in Resources */,
			);
			runOnlyForDeploymentPostprocessing = 0;
		};
		DD935D6120D546FA0026EF95 /* Resources */ = {
			isa = PBXResourcesBuildPhase;
			buildActionMask = 2147483647;
			files = (
			);
			runOnlyForDeploymentPostprocessing = 0;
		};
		DD935D6C20D546FA0026EF95 /* Resources */ = {
			isa = PBXResourcesBuildPhase;
			buildActionMask = 2147483647;
			files = (
			);
			runOnlyForDeploymentPostprocessing = 0;
		};
/* End PBXResourcesBuildPhase section */

/* Begin PBXShellScriptBuildPhase section */
		07F4F2F21BFA55280EDE8736 /* [CP] Check Pods Manifest.lock */ = {
			isa = PBXShellScriptBuildPhase;
			buildActionMask = 2147483647;
			files = (
			);
			inputPaths = (
				"${PODS_PODFILE_DIR_PATH}/Podfile.lock",
				"${PODS_ROOT}/Manifest.lock",
			);
			name = "[CP] Check Pods Manifest.lock";
			outputPaths = (
				"$(DERIVED_FILE_DIR)/Pods-MusicAppTests-checkManifestLockResult.txt",
			);
			runOnlyForDeploymentPostprocessing = 0;
			shellPath = /bin/sh;
			shellScript = "diff \"${PODS_PODFILE_DIR_PATH}/Podfile.lock\" \"${PODS_ROOT}/Manifest.lock\" > /dev/null\nif [ $? != 0 ] ; then\n    # print error to STDERR\n    echo \"error: The sandbox is not in sync with the Podfile.lock. Run 'pod install' or update your CocoaPods installation.\" >&2\n    exit 1\nfi\n# This output is used by Xcode 'outputs' to avoid re-running this script phase.\necho \"SUCCESS\" > \"${SCRIPT_OUTPUT_FILE_0}\"\n";
			showEnvVarsInLog = 0;
		};
		B7F056C03DA1E278BC361C65 /* [CP] Check Pods Manifest.lock */ = {
			isa = PBXShellScriptBuildPhase;
			buildActionMask = 2147483647;
			files = (
			);
			inputPaths = (
				"${PODS_PODFILE_DIR_PATH}/Podfile.lock",
				"${PODS_ROOT}/Manifest.lock",
			);
			name = "[CP] Check Pods Manifest.lock";
			outputPaths = (
				"$(DERIVED_FILE_DIR)/Pods-MusicAppUITests-checkManifestLockResult.txt",
			);
			runOnlyForDeploymentPostprocessing = 0;
			shellPath = /bin/sh;
			shellScript = "diff \"${PODS_PODFILE_DIR_PATH}/Podfile.lock\" \"${PODS_ROOT}/Manifest.lock\" > /dev/null\nif [ $? != 0 ] ; then\n    # print error to STDERR\n    echo \"error: The sandbox is not in sync with the Podfile.lock. Run 'pod install' or update your CocoaPods installation.\" >&2\n    exit 1\nfi\n# This output is used by Xcode 'outputs' to avoid re-running this script phase.\necho \"SUCCESS\" > \"${SCRIPT_OUTPUT_FILE_0}\"\n";
			showEnvVarsInLog = 0;
		};
		E708EA70D245907253FBE84A /* [CP] Check Pods Manifest.lock */ = {
			isa = PBXShellScriptBuildPhase;
			buildActionMask = 2147483647;
			files = (
			);
			inputPaths = (
				"${PODS_PODFILE_DIR_PATH}/Podfile.lock",
				"${PODS_ROOT}/Manifest.lock",
			);
			name = "[CP] Check Pods Manifest.lock";
			outputPaths = (
				"$(DERIVED_FILE_DIR)/Pods-MusicApp-checkManifestLockResult.txt",
			);
			runOnlyForDeploymentPostprocessing = 0;
			shellPath = /bin/sh;
			shellScript = "diff \"${PODS_PODFILE_DIR_PATH}/Podfile.lock\" \"${PODS_ROOT}/Manifest.lock\" > /dev/null\nif [ $? != 0 ] ; then\n    # print error to STDERR\n    echo \"error: The sandbox is not in sync with the Podfile.lock. Run 'pod install' or update your CocoaPods installation.\" >&2\n    exit 1\nfi\n# This output is used by Xcode 'outputs' to avoid re-running this script phase.\necho \"SUCCESS\" > \"${SCRIPT_OUTPUT_FILE_0}\"\n";
			showEnvVarsInLog = 0;
		};
		FD372ADF4796EA801CBE4494 /* [CP] Embed Pods Frameworks */ = {
			isa = PBXShellScriptBuildPhase;
			buildActionMask = 2147483647;
			files = (
			);
			inputPaths = (
				"${SRCROOT}/Pods/Target Support Files/Pods-MusicApp/Pods-MusicApp-frameworks.sh",
				"${BUILT_PRODUCTS_DIR}/Alamofire/Alamofire.framework",
				"${BUILT_PRODUCTS_DIR}/SwiftIcons/SwiftIcons.framework",
				"${BUILT_PRODUCTS_DIR}/SwiftyJSON/SwiftyJSON.framework",
			);
			name = "[CP] Embed Pods Frameworks";
			outputPaths = (
				"${TARGET_BUILD_DIR}/${FRAMEWORKS_FOLDER_PATH}/Alamofire.framework",
				"${TARGET_BUILD_DIR}/${FRAMEWORKS_FOLDER_PATH}/SwiftIcons.framework",
				"${TARGET_BUILD_DIR}/${FRAMEWORKS_FOLDER_PATH}/SwiftyJSON.framework",
			);
			runOnlyForDeploymentPostprocessing = 0;
			shellPath = /bin/sh;
			shellScript = "\"${SRCROOT}/Pods/Target Support Files/Pods-MusicApp/Pods-MusicApp-frameworks.sh\"\n";
			showEnvVarsInLog = 0;
		};
/* End PBXShellScriptBuildPhase section */

/* Begin PBXSourcesBuildPhase section */
		DD935D4B20D546F80026EF95 /* Sources */ = {
			isa = PBXSourcesBuildPhase;
			buildActionMask = 2147483647;
			files = (
				DD78C22920D9DF9400226C2F /* EncodeURIComponent.swift in Sources */,
				DDEB49E720EC5AC1001C6E3E /* MediaPlayerViewController.swift in Sources */,
				DD935D8520D9DDC30026EF95 /* Constants.swift in Sources */,
				DDEB49E320EB0B95001C6E3E /* TrackDetailViewController.swift in Sources */,
				DDEB49E520EC548E001C6E3E /* WebViewController.swift in Sources */,
				DDEB49DF20E95161001C6E3E /* PlaylistTableViewController.swift in Sources */,
				DD935D8120D9DC380026EF95 /* SpotifySignInViewController.swift in Sources */,
				DDF72DEE20F0D8E600195028 /* MediaPlayer.swift in Sources */,
				DDEB49E120EA4EC2001C6E3E /* AlertExtension.swift in Sources */,
				DD935D8320D9DCB10026EF95 /* ApiService.swift in Sources */,
				DDEB49E920EC5BCA001C6E3E /* MediaPlayerContainerViewController.swift in Sources */,
				DD935D5320D546F90026EF95 /* AppDelegate.swift in Sources */,
			);
			runOnlyForDeploymentPostprocessing = 0;
		};
		DD935D5F20D546FA0026EF95 /* Sources */ = {
			isa = PBXSourcesBuildPhase;
			buildActionMask = 2147483647;
			files = (
				DD935D6820D546FA0026EF95 /* MusicAppTests.swift in Sources */,
			);
			runOnlyForDeploymentPostprocessing = 0;
		};
		DD935D6A20D546FA0026EF95 /* Sources */ = {
			isa = PBXSourcesBuildPhase;
			buildActionMask = 2147483647;
			files = (
				DD935D7320D546FA0026EF95 /* MusicAppUITests.swift in Sources */,
			);
			runOnlyForDeploymentPostprocessing = 0;
		};
/* End PBXSourcesBuildPhase section */

/* Begin PBXTargetDependency section */
		DD935D6520D546FA0026EF95 /* PBXTargetDependency */ = {
			isa = PBXTargetDependency;
			target = DD935D4E20D546F80026EF95 /* MusicApp */;
			targetProxy = DD935D6420D546FA0026EF95 /* PBXContainerItemProxy */;
		};
		DD935D7020D546FA0026EF95 /* PBXTargetDependency */ = {
			isa = PBXTargetDependency;
			target = DD935D4E20D546F80026EF95 /* MusicApp */;
			targetProxy = DD935D6F20D546FA0026EF95 /* PBXContainerItemProxy */;
		};
/* End PBXTargetDependency section */

/* Begin PBXVariantGroup section */
		DD935D5620D546F90026EF95 /* Main.storyboard */ = {
			isa = PBXVariantGroup;
			children = (
				DD935D5720D546F90026EF95 /* Base */,
			);
			name = Main.storyboard;
			sourceTree = "<group>";
		};
		DD935D5B20D546FA0026EF95 /* LaunchScreen.storyboard */ = {
			isa = PBXVariantGroup;
			children = (
				DD935D5C20D546FA0026EF95 /* Base */,
			);
			name = LaunchScreen.storyboard;
			sourceTree = "<group>";
		};
/* End PBXVariantGroup section */

/* Begin XCBuildConfiguration section */
		DD935D7520D546FA0026EF95 /* Debug */ = {
			isa = XCBuildConfiguration;
			buildSettings = {
				ALWAYS_SEARCH_USER_PATHS = NO;
				API_ENDPOINT = "";
				CLANG_ANALYZER_NONNULL = YES;
				CLANG_ANALYZER_NUMBER_OBJECT_CONVERSION = YES_AGGRESSIVE;
				CLANG_CXX_LANGUAGE_STANDARD = "gnu++14";
				CLANG_CXX_LIBRARY = "libc++";
				CLANG_ENABLE_MODULES = YES;
				CLANG_ENABLE_OBJC_ARC = YES;
				CLANG_ENABLE_OBJC_WEAK = YES;
				CLANG_WARN_BLOCK_CAPTURE_AUTORELEASING = YES;
				CLANG_WARN_BOOL_CONVERSION = YES;
				CLANG_WARN_COMMA = YES;
				CLANG_WARN_CONSTANT_CONVERSION = YES;
				CLANG_WARN_DEPRECATED_OBJC_IMPLEMENTATIONS = YES;
				CLANG_WARN_DIRECT_OBJC_ISA_USAGE = YES_ERROR;
				CLANG_WARN_DOCUMENTATION_COMMENTS = YES;
				CLANG_WARN_EMPTY_BODY = YES;
				CLANG_WARN_ENUM_CONVERSION = YES;
				CLANG_WARN_INFINITE_RECURSION = YES;
				CLANG_WARN_INT_CONVERSION = YES;
				CLANG_WARN_NON_LITERAL_NULL_CONVERSION = YES;
				CLANG_WARN_OBJC_IMPLICIT_RETAIN_SELF = YES;
				CLANG_WARN_OBJC_LITERAL_CONVERSION = YES;
				CLANG_WARN_OBJC_ROOT_CLASS = YES_ERROR;
				CLANG_WARN_RANGE_LOOP_ANALYSIS = YES;
				CLANG_WARN_STRICT_PROTOTYPES = YES;
				CLANG_WARN_SUSPICIOUS_MOVE = YES;
				CLANG_WARN_UNGUARDED_AVAILABILITY = YES_AGGRESSIVE;
				CLANG_WARN_UNREACHABLE_CODE = YES;
				CLANG_WARN__DUPLICATE_METHOD_MATCH = YES;
				CODE_SIGN_IDENTITY = "iPhone Developer";
				COPY_PHASE_STRIP = NO;
				DEBUG_INFORMATION_FORMAT = dwarf;
				ENABLE_STRICT_OBJC_MSGSEND = YES;
				ENABLE_TESTABILITY = YES;
				GCC_C_LANGUAGE_STANDARD = gnu11;
				GCC_DYNAMIC_NO_PIC = NO;
				GCC_NO_COMMON_BLOCKS = YES;
				GCC_OPTIMIZATION_LEVEL = 0;
				GCC_PREPROCESSOR_DEFINITIONS = (
					"DEBUG=1",
					"$(inherited)",
				);
				GCC_WARN_64_TO_32_BIT_CONVERSION = YES;
				GCC_WARN_ABOUT_RETURN_TYPE = YES_ERROR;
				GCC_WARN_UNDECLARED_SELECTOR = YES;
				GCC_WARN_UNINITIALIZED_AUTOS = YES_AGGRESSIVE;
				GCC_WARN_UNUSED_FUNCTION = YES;
				GCC_WARN_UNUSED_VARIABLE = YES;
				IPHONEOS_DEPLOYMENT_TARGET = 11.4;
				MTL_ENABLE_DEBUG_INFO = YES;
				ONLY_ACTIVE_ARCH = YES;
				SDKROOT = iphoneos;
				SWIFT_ACTIVE_COMPILATION_CONDITIONS = DEBUG;
				SWIFT_OPTIMIZATION_LEVEL = "-Onone";
			};
			name = Debug;
		};
		DD935D7620D546FA0026EF95 /* Release */ = {
			isa = XCBuildConfiguration;
			buildSettings = {
				ALWAYS_SEARCH_USER_PATHS = NO;
				API_ENDPOINT = "http://167.99.158.218";
				CLANG_ANALYZER_NONNULL = YES;
				CLANG_ANALYZER_NUMBER_OBJECT_CONVERSION = YES_AGGRESSIVE;
				CLANG_CXX_LANGUAGE_STANDARD = "gnu++14";
				CLANG_CXX_LIBRARY = "libc++";
				CLANG_ENABLE_MODULES = YES;
				CLANG_ENABLE_OBJC_ARC = YES;
				CLANG_ENABLE_OBJC_WEAK = YES;
				CLANG_WARN_BLOCK_CAPTURE_AUTORELEASING = YES;
				CLANG_WARN_BOOL_CONVERSION = YES;
				CLANG_WARN_COMMA = YES;
				CLANG_WARN_CONSTANT_CONVERSION = YES;
				CLANG_WARN_DEPRECATED_OBJC_IMPLEMENTATIONS = YES;
				CLANG_WARN_DIRECT_OBJC_ISA_USAGE = YES_ERROR;
				CLANG_WARN_DOCUMENTATION_COMMENTS = YES;
				CLANG_WARN_EMPTY_BODY = YES;
				CLANG_WARN_ENUM_CONVERSION = YES;
				CLANG_WARN_INFINITE_RECURSION = YES;
				CLANG_WARN_INT_CONVERSION = YES;
				CLANG_WARN_NON_LITERAL_NULL_CONVERSION = YES;
				CLANG_WARN_OBJC_IMPLICIT_RETAIN_SELF = YES;
				CLANG_WARN_OBJC_LITERAL_CONVERSION = YES;
				CLANG_WARN_OBJC_ROOT_CLASS = YES_ERROR;
				CLANG_WARN_RANGE_LOOP_ANALYSIS = YES;
				CLANG_WARN_STRICT_PROTOTYPES = YES;
				CLANG_WARN_SUSPICIOUS_MOVE = YES;
				CLANG_WARN_UNGUARDED_AVAILABILITY = YES_AGGRESSIVE;
				CLANG_WARN_UNREACHABLE_CODE = YES;
				CLANG_WARN__DUPLICATE_METHOD_MATCH = YES;
				CODE_SIGN_IDENTITY = "iPhone Developer";
				COPY_PHASE_STRIP = NO;
				DEBUG_INFORMATION_FORMAT = "dwarf-with-dsym";
				ENABLE_NS_ASSERTIONS = NO;
				ENABLE_STRICT_OBJC_MSGSEND = YES;
				GCC_C_LANGUAGE_STANDARD = gnu11;
				GCC_NO_COMMON_BLOCKS = YES;
				GCC_WARN_64_TO_32_BIT_CONVERSION = YES;
				GCC_WARN_ABOUT_RETURN_TYPE = YES_ERROR;
				GCC_WARN_UNDECLARED_SELECTOR = YES;
				GCC_WARN_UNINITIALIZED_AUTOS = YES_AGGRESSIVE;
				GCC_WARN_UNUSED_FUNCTION = YES;
				GCC_WARN_UNUSED_VARIABLE = YES;
				IPHONEOS_DEPLOYMENT_TARGET = 11.4;
				MTL_ENABLE_DEBUG_INFO = NO;
				SDKROOT = iphoneos;
				SWIFT_COMPILATION_MODE = wholemodule;
				SWIFT_OPTIMIZATION_LEVEL = "-O";
				VALIDATE_PRODUCT = YES;
			};
			name = Release;
		};
		DD935D7820D546FA0026EF95 /* Debug */ = {
			isa = XCBuildConfiguration;
			baseConfigurationReference = 9743A97D98A9DDA5A3CECBBE /* Pods-MusicApp.debug.xcconfig */;
			buildSettings = {
				ASSETCATALOG_COMPILER_APPICON_NAME = AppIcon;
				CLANG_ENABLE_MODULES = YES;
				CODE_SIGN_STYLE = Automatic;
				DEVELOPMENT_TEAM = 39GX6UGC5E;
				FRAMEWORK_SEARCH_PATHS = (
					"$(inherited)",
					"$(PROJECT_DIR)/MusicApp",
				);
				INFOPLIST_FILE = MusicApp/Info.plist;
				LD_RUNPATH_SEARCH_PATHS = (
					"$(inherited)",
					"@executable_path/Frameworks",
				);
				PRODUCT_BUNDLE_IDENTIFIER = com.nickarcuri.MusicApp;
				PRODUCT_NAME = "$(TARGET_NAME)";
				SWIFT_OBJC_BRIDGING_HEADER = "MusicApp/MusicApp-Bridging-Header.h";
				SWIFT_OPTIMIZATION_LEVEL = "-Onone";
				SWIFT_VERSION = 4.0;
				TARGETED_DEVICE_FAMILY = 1;
			};
			name = Debug;
		};
		DD935D7920D546FA0026EF95 /* Release */ = {
			isa = XCBuildConfiguration;
			baseConfigurationReference = A3597B5358B3F0A4C0F38D46 /* Pods-MusicApp.release.xcconfig */;
			buildSettings = {
				ASSETCATALOG_COMPILER_APPICON_NAME = AppIcon;
				CLANG_ENABLE_MODULES = YES;
				CODE_SIGN_STYLE = Automatic;
				DEVELOPMENT_TEAM = 39GX6UGC5E;
				FRAMEWORK_SEARCH_PATHS = (
					"$(inherited)",
					"$(PROJECT_DIR)/MusicApp",
				);
				INFOPLIST_FILE = MusicApp/Info.plist;
				LD_RUNPATH_SEARCH_PATHS = (
					"$(inherited)",
					"@executable_path/Frameworks",
				);
				PRODUCT_BUNDLE_IDENTIFIER = com.nickarcuri.MusicApp;
				PRODUCT_NAME = "$(TARGET_NAME)";
				SWIFT_OBJC_BRIDGING_HEADER = "MusicApp/MusicApp-Bridging-Header.h";
				SWIFT_VERSION = 4.0;
				TARGETED_DEVICE_FAMILY = 1;
			};
			name = Release;
		};
		DD935D7B20D546FA0026EF95 /* Debug */ = {
			isa = XCBuildConfiguration;
			baseConfigurationReference = 3C2EE27B6DCA9F6A67AA8080 /* Pods-MusicAppTests.debug.xcconfig */;
			buildSettings = {
				ALWAYS_EMBED_SWIFT_STANDARD_LIBRARIES = YES;
				BUNDLE_LOADER = "$(TEST_HOST)";
				CODE_SIGN_STYLE = Automatic;
				DEVELOPMENT_TEAM = 39GX6UGC5E;
				INFOPLIST_FILE = MusicAppTests/Info.plist;
				LD_RUNPATH_SEARCH_PATHS = (
					"$(inherited)",
					"@executable_path/Frameworks",
					"@loader_path/Frameworks",
				);
				PRODUCT_BUNDLE_IDENTIFIER = com.nickarcuri.MusicAppTests;
				PRODUCT_NAME = "$(TARGET_NAME)";
				SWIFT_VERSION = 4.0;
				TARGETED_DEVICE_FAMILY = "1,2";
				TEST_HOST = "$(BUILT_PRODUCTS_DIR)/MusicApp.app/MusicApp";
			};
			name = Debug;
		};
		DD935D7C20D546FA0026EF95 /* Release */ = {
			isa = XCBuildConfiguration;
			baseConfigurationReference = 8EF2029EB67A369BB7CDF06C /* Pods-MusicAppTests.release.xcconfig */;
			buildSettings = {
				ALWAYS_EMBED_SWIFT_STANDARD_LIBRARIES = YES;
				BUNDLE_LOADER = "$(TEST_HOST)";
				CODE_SIGN_STYLE = Automatic;
				DEVELOPMENT_TEAM = 39GX6UGC5E;
				INFOPLIST_FILE = MusicAppTests/Info.plist;
				LD_RUNPATH_SEARCH_PATHS = (
					"$(inherited)",
					"@executable_path/Frameworks",
					"@loader_path/Frameworks",
				);
				PRODUCT_BUNDLE_IDENTIFIER = com.nickarcuri.MusicAppTests;
				PRODUCT_NAME = "$(TARGET_NAME)";
				SWIFT_VERSION = 4.0;
				TARGETED_DEVICE_FAMILY = "1,2";
				TEST_HOST = "$(BUILT_PRODUCTS_DIR)/MusicApp.app/MusicApp";
			};
			name = Release;
		};
		DD935D7E20D546FA0026EF95 /* Debug */ = {
			isa = XCBuildConfiguration;
			baseConfigurationReference = 316844FA78645B63129DA02F /* Pods-MusicAppUITests.debug.xcconfig */;
			buildSettings = {
				ALWAYS_EMBED_SWIFT_STANDARD_LIBRARIES = YES;
				CODE_SIGN_STYLE = Automatic;
				DEVELOPMENT_TEAM = 39GX6UGC5E;
				INFOPLIST_FILE = MusicAppUITests/Info.plist;
				LD_RUNPATH_SEARCH_PATHS = (
					"$(inherited)",
					"@executable_path/Frameworks",
					"@loader_path/Frameworks",
				);
				PRODUCT_BUNDLE_IDENTIFIER = com.nickarcuri.MusicAppUITests;
				PRODUCT_NAME = "$(TARGET_NAME)";
				SWIFT_VERSION = 4.0;
				TARGETED_DEVICE_FAMILY = "1,2";
				TEST_TARGET_NAME = MusicApp;
			};
			name = Debug;
		};
		DD935D7F20D546FA0026EF95 /* Release */ = {
			isa = XCBuildConfiguration;
			baseConfigurationReference = 1C2D72168288F723825A800F /* Pods-MusicAppUITests.release.xcconfig */;
			buildSettings = {
				ALWAYS_EMBED_SWIFT_STANDARD_LIBRARIES = YES;
				CODE_SIGN_STYLE = Automatic;
				DEVELOPMENT_TEAM = 39GX6UGC5E;
				INFOPLIST_FILE = MusicAppUITests/Info.plist;
				LD_RUNPATH_SEARCH_PATHS = (
					"$(inherited)",
					"@executable_path/Frameworks",
					"@loader_path/Frameworks",
				);
				PRODUCT_BUNDLE_IDENTIFIER = com.nickarcuri.MusicAppUITests;
				PRODUCT_NAME = "$(TARGET_NAME)";
				SWIFT_VERSION = 4.0;
				TARGETED_DEVICE_FAMILY = "1,2";
				TEST_TARGET_NAME = MusicApp;
			};
			name = Release;
		};
		DDF72DEF20F3024800195028 /* Dev */ = {
			isa = XCBuildConfiguration;
			buildSettings = {
				ALWAYS_SEARCH_USER_PATHS = NO;
				API_ENDPOINT = "http://167.99.158.218";
				CLANG_ANALYZER_NONNULL = YES;
				CLANG_ANALYZER_NUMBER_OBJECT_CONVERSION = YES_AGGRESSIVE;
				CLANG_CXX_LANGUAGE_STANDARD = "gnu++14";
				CLANG_CXX_LIBRARY = "libc++";
				CLANG_ENABLE_MODULES = YES;
				CLANG_ENABLE_OBJC_ARC = YES;
				CLANG_ENABLE_OBJC_WEAK = YES;
				CLANG_WARN_BLOCK_CAPTURE_AUTORELEASING = YES;
				CLANG_WARN_BOOL_CONVERSION = YES;
				CLANG_WARN_COMMA = YES;
				CLANG_WARN_CONSTANT_CONVERSION = YES;
				CLANG_WARN_DEPRECATED_OBJC_IMPLEMENTATIONS = YES;
				CLANG_WARN_DIRECT_OBJC_ISA_USAGE = YES_ERROR;
				CLANG_WARN_DOCUMENTATION_COMMENTS = YES;
				CLANG_WARN_EMPTY_BODY = YES;
				CLANG_WARN_ENUM_CONVERSION = YES;
				CLANG_WARN_INFINITE_RECURSION = YES;
				CLANG_WARN_INT_CONVERSION = YES;
				CLANG_WARN_NON_LITERAL_NULL_CONVERSION = YES;
				CLANG_WARN_OBJC_IMPLICIT_RETAIN_SELF = YES;
				CLANG_WARN_OBJC_LITERAL_CONVERSION = YES;
				CLANG_WARN_OBJC_ROOT_CLASS = YES_ERROR;
				CLANG_WARN_RANGE_LOOP_ANALYSIS = YES;
				CLANG_WARN_STRICT_PROTOTYPES = YES;
				CLANG_WARN_SUSPICIOUS_MOVE = YES;
				CLANG_WARN_UNGUARDED_AVAILABILITY = YES_AGGRESSIVE;
				CLANG_WARN_UNREACHABLE_CODE = YES;
				CLANG_WARN__DUPLICATE_METHOD_MATCH = YES;
				CODE_SIGN_IDENTITY = "iPhone Developer";
				COPY_PHASE_STRIP = NO;
				DEBUG_INFORMATION_FORMAT = dwarf;
				ENABLE_STRICT_OBJC_MSGSEND = YES;
				ENABLE_TESTABILITY = YES;
				GCC_C_LANGUAGE_STANDARD = gnu11;
				GCC_DYNAMIC_NO_PIC = NO;
				GCC_NO_COMMON_BLOCKS = YES;
				GCC_OPTIMIZATION_LEVEL = 0;
				GCC_PREPROCESSOR_DEFINITIONS = (
					"DEBUG=1",
					"$(inherited)",
				);
				GCC_WARN_64_TO_32_BIT_CONVERSION = YES;
				GCC_WARN_ABOUT_RETURN_TYPE = YES_ERROR;
				GCC_WARN_UNDECLARED_SELECTOR = YES;
				GCC_WARN_UNINITIALIZED_AUTOS = YES_AGGRESSIVE;
				GCC_WARN_UNUSED_FUNCTION = YES;
				GCC_WARN_UNUSED_VARIABLE = YES;
				IPHONEOS_DEPLOYMENT_TARGET = 11.4;
				MTL_ENABLE_DEBUG_INFO = YES;
				ONLY_ACTIVE_ARCH = YES;
				SDKROOT = iphoneos;
				SWIFT_ACTIVE_COMPILATION_CONDITIONS = DEBUG;
				SWIFT_OPTIMIZATION_LEVEL = "-Onone";
			};
			name = Dev;
		};
		DDF72DF020F3024800195028 /* Dev */ = {
			isa = XCBuildConfiguration;
			baseConfigurationReference = 9FD096F52ED1570FF009ED72 /* Pods-MusicApp.dev.xcconfig */;
			buildSettings = {
				ASSETCATALOG_COMPILER_APPICON_NAME = AppIcon;
				CLANG_ENABLE_MODULES = YES;
				CODE_SIGN_STYLE = Automatic;
				DEVELOPMENT_TEAM = 39GX6UGC5E;
				FRAMEWORK_SEARCH_PATHS = (
					"$(inherited)",
					"$(PROJECT_DIR)/MusicApp",
				);
				INFOPLIST_FILE = MusicApp/Info.plist;
				LD_RUNPATH_SEARCH_PATHS = (
					"$(inherited)",
					"@executable_path/Frameworks",
				);
				PRODUCT_BUNDLE_IDENTIFIER = com.nickarcuri.MusicApp;
				PRODUCT_NAME = "$(TARGET_NAME)";
				SWIFT_OBJC_BRIDGING_HEADER = "MusicApp/MusicApp-Bridging-Header.h";
				SWIFT_OPTIMIZATION_LEVEL = "-Onone";
				SWIFT_VERSION = 4.0;
				TARGETED_DEVICE_FAMILY = 1;
			};
			name = Dev;
		};
		DDF72DF120F3024800195028 /* Dev */ = {
			isa = XCBuildConfiguration;
			baseConfigurationReference = E385589FC963AE46F1C3F9D2 /* Pods-MusicAppTests.dev.xcconfig */;
			buildSettings = {
				ALWAYS_EMBED_SWIFT_STANDARD_LIBRARIES = YES;
				BUNDLE_LOADER = "$(TEST_HOST)";
				CODE_SIGN_STYLE = Automatic;
				DEVELOPMENT_TEAM = 39GX6UGC5E;
				INFOPLIST_FILE = MusicAppTests/Info.plist;
				LD_RUNPATH_SEARCH_PATHS = (
					"$(inherited)",
					"@executable_path/Frameworks",
					"@loader_path/Frameworks",
				);
				PRODUCT_BUNDLE_IDENTIFIER = com.nickarcuri.MusicAppTests;
				PRODUCT_NAME = "$(TARGET_NAME)";
				SWIFT_VERSION = 4.0;
				TARGETED_DEVICE_FAMILY = "1,2";
				TEST_HOST = "$(BUILT_PRODUCTS_DIR)/MusicApp.app/MusicApp";
			};
			name = Dev;
		};
		DDF72DF220F3024800195028 /* Dev */ = {
			isa = XCBuildConfiguration;
			baseConfigurationReference = 0ABEAB994D84226D4F45B42A /* Pods-MusicAppUITests.dev.xcconfig */;
			buildSettings = {
				ALWAYS_EMBED_SWIFT_STANDARD_LIBRARIES = YES;
				CODE_SIGN_STYLE = Automatic;
				DEVELOPMENT_TEAM = 39GX6UGC5E;
				INFOPLIST_FILE = MusicAppUITests/Info.plist;
				LD_RUNPATH_SEARCH_PATHS = (
					"$(inherited)",
					"@executable_path/Frameworks",
					"@loader_path/Frameworks",
				);
				PRODUCT_BUNDLE_IDENTIFIER = com.nickarcuri.MusicAppUITests;
				PRODUCT_NAME = "$(TARGET_NAME)";
				SWIFT_VERSION = 4.0;
				TARGETED_DEVICE_FAMILY = "1,2";
				TEST_TARGET_NAME = MusicApp;
			};
			name = Dev;
		};
/* End XCBuildConfiguration section */

/* Begin XCConfigurationList section */
		DD935D4A20D546F80026EF95 /* Build configuration list for PBXProject "MusicApp" */ = {
			isa = XCConfigurationList;
			buildConfigurations = (
				DD935D7520D546FA0026EF95 /* Debug */,
				DDF72DEF20F3024800195028 /* Dev */,
				DD935D7620D546FA0026EF95 /* Release */,
			);
			defaultConfigurationIsVisible = 0;
			defaultConfigurationName = Release;
		};
		DD935D7720D546FA0026EF95 /* Build configuration list for PBXNativeTarget "MusicApp" */ = {
			isa = XCConfigurationList;
			buildConfigurations = (
				DD935D7820D546FA0026EF95 /* Debug */,
				DDF72DF020F3024800195028 /* Dev */,
				DD935D7920D546FA0026EF95 /* Release */,
			);
			defaultConfigurationIsVisible = 0;
			defaultConfigurationName = Release;
		};
		DD935D7A20D546FA0026EF95 /* Build configuration list for PBXNativeTarget "MusicAppTests" */ = {
			isa = XCConfigurationList;
			buildConfigurations = (
				DD935D7B20D546FA0026EF95 /* Debug */,
				DDF72DF120F3024800195028 /* Dev */,
				DD935D7C20D546FA0026EF95 /* Release */,
			);
			defaultConfigurationIsVisible = 0;
			defaultConfigurationName = Release;
		};
		DD935D7D20D546FA0026EF95 /* Build configuration list for PBXNativeTarget "MusicAppUITests" */ = {
			isa = XCConfigurationList;
			buildConfigurations = (
				DD935D7E20D546FA0026EF95 /* Debug */,
				DDF72DF220F3024800195028 /* Dev */,
				DD935D7F20D546FA0026EF95 /* Release */,
			);
			defaultConfigurationIsVisible = 0;
			defaultConfigurationName = Release;
		};
/* End XCConfigurationList section */
	};
	rootObject = DD935D4720D546F80026EF95 /* Project object */;
}
